
Microsoft Visual Studio Solution File, Format Version 12.00
# Visual Studio 15
VisualStudioVersion = 15.0.28307.329
MinimumVisualStudioVersion = 10.0.40219.1
Project("{FAE04EC0-301F-11D3-BF4B-00C04F79EFBC}") = "Haikyuu.Android", "Haikyuu\Haikyuu.Android\Haikyuu.Android.csproj", "{395BAA58-3DFF-432D-A911-5705E42AA5A9}"
EndProject
Project("{FAE04EC0-301F-11D3-BF4B-00C04F79EFBC}") = "Haikyuu.iOS", "Haikyuu\Haikyuu.iOS\Haikyuu.iOS.csproj", "{D1713473-D1E1-4288-9F78-DD49A9D52D03}"
EndProject
Project("{FAE04EC0-301F-11D3-BF4B-00C04F79EFBC}") = "Haikyuu.UWP", "Haikyuu\Haikyuu.UWP\Haikyuu.UWP.csproj", "{1E47DC18-DEA2-4E53-8D0B-7E61E5CF3257}"
EndProject
Project("{9A19103F-16F7-4668-BE54-9A1E7A4F7556}") = "Haikyuu", "Haikyuu\Haikyuu\Haikyuu.csproj", "{36ECBA81-1512-456D-9DE2-0BD8DD36B74B}"
EndProject
Project("{2150E333-8FDC-42A3-9474-1A3956D46DE8}") = "Targets", "Targets", "{03E4959F-1164-479F-9A01-019258C0C40E}"
EndProject
Global
	GlobalSection(SolutionConfigurationPlatforms) = preSolution
		Ad-Hoc|Any CPU = Ad-Hoc|Any CPU
		Ad-Hoc|ARM = Ad-Hoc|ARM
		Ad-Hoc|iPhone = Ad-Hoc|iPhone
		Ad-Hoc|iPhoneSimulator = Ad-Hoc|iPhoneSimulator
		Ad-Hoc|x64 = Ad-Hoc|x64
		Ad-Hoc|x86 = Ad-Hoc|x86
		AppStore|Any CPU = AppStore|Any CPU
		AppStore|ARM = AppStore|ARM
		AppStore|iPhone = AppStore|iPhone
		AppStore|iPhoneSimulator = AppStore|iPhoneSimulator
		AppStore|x64 = AppStore|x64
		AppStore|x86 = AppStore|x86
		Debug|Any CPU = Debug|Any CPU
		Debug|ARM = Debug|ARM
		Debug|iPhone = Debug|iPhone
		Debug|iPhoneSimulator = Debug|iPhoneSimulator
		Debug|x64 = Debug|x64
		Debug|x86 = Debug|x86
		Release|Any CPU = Release|Any CPU
		Release|ARM = Release|ARM
		Release|iPhone = Release|iPhone
		Release|iPhoneSimulator = Release|iPhoneSimulator
		Release|x64 = Release|x64
		Release|x86 = Release|x86
	EndGlobalSection
	GlobalSection(ProjectConfigurationPlatforms) = postSolution
		{395BAA58-3DFF-432D-A911-5705E42AA5A9}.Ad-Hoc|Any CPU.ActiveCfg = Release|Any CPU
		{395BAA58-3DFF-432D-A911-5705E42AA5A9}.Ad-Hoc|Any CPU.Build.0 = Release|Any CPU
		{395BAA58-3DFF-432D-A911-5705E42AA5A9}.Ad-Hoc|Any CPU.Deploy.0 = Release|Any CPU
		{395BAA58-3DFF-432D-A911-5705E42AA5A9}.Ad-Hoc|ARM.ActiveCfg = Release|Any CPU
		{395BAA58-3DFF-432D-A911-5705E42AA5A9}.Ad-Hoc|ARM.Build.0 = Release|Any CPU
		{395BAA58-3DFF-432D-A911-5705E42AA5A9}.Ad-Hoc|ARM.Deploy.0 = Release|Any CPU
		{395BAA58-3DFF-432D-A911-5705E42AA5A9}.Ad-Hoc|iPhone.ActiveCfg = Release|Any CPU
		{395BAA58-3DFF-432D-A911-5705E42AA5A9}.Ad-Hoc|iPhone.Build.0 = Release|Any CPU
		{395BAA58-3DFF-432D-A911-5705E42AA5A9}.Ad-Hoc|iPhone.Deploy.0 = Release|Any CPU
		{395BAA58-3DFF-432D-A911-5705E42AA5A9}.Ad-Hoc|iPhoneSimulator.ActiveCfg = Release|Any CPU
		{395BAA58-3DFF-432D-A911-5705E42AA5A9}.Ad-Hoc|iPhoneSimulator.Build.0 = Release|Any CPU
		{395BAA58-3DFF-432D-A911-5705E42AA5A9}.Ad-Hoc|iPhoneSimulator.Deploy.0 = Release|Any CPU
		{395BAA58-3DFF-432D-A911-5705E42AA5A9}.Ad-Hoc|x64.ActiveCfg = Release|Any CPU
		{395BAA58-3DFF-432D-A911-5705E42AA5A9}.Ad-Hoc|x64.Build.0 = Release|Any CPU
		{395BAA58-3DFF-432D-A911-5705E42AA5A9}.Ad-Hoc|x64.Deploy.0 = Release|Any CPU
		{395BAA58-3DFF-432D-A911-5705E42AA5A9}.Ad-Hoc|x86.ActiveCfg = Release|Any CPU
		{395BAA58-3DFF-432D-A911-5705E42AA5A9}.Ad-Hoc|x86.Build.0 = Release|Any CPU
		{395BAA58-3DFF-432D-A911-5705E42AA5A9}.Ad-Hoc|x86.Deploy.0 = Release|Any CPU
		{395BAA58-3DFF-432D-A911-5705E42AA5A9}.AppStore|Any CPU.ActiveCfg = Release|Any CPU
		{395BAA58-3DFF-432D-A911-5705E42AA5A9}.AppStore|Any CPU.Build.0 = Release|Any CPU
		{395BAA58-3DFF-432D-A911-5705E42AA5A9}.AppStore|Any CPU.Deploy.0 = Release|Any CPU
		{395BAA58-3DFF-432D-A911-5705E42AA5A9}.AppStore|ARM.ActiveCfg = Release|Any CPU
		{395BAA58-3DFF-432D-A911-5705E42AA5A9}.AppStore|ARM.Build.0 = Release|Any CPU
		{395BAA58-3DFF-432D-A911-5705E42AA5A9}.AppStore|ARM.Deploy.0 = Release|Any CPU
		{395BAA58-3DFF-432D-A911-5705E42AA5A9}.AppStore|iPhone.ActiveCfg = Release|Any CPU
		{395BAA58-3DFF-432D-A911-5705E42AA5A9}.AppStore|iPhone.Build.0 = Release|Any CPU
		{395BAA58-3DFF-432D-A911-5705E42AA5A9}.AppStore|iPhone.Deploy.0 = Release|Any CPU
		{395BAA58-3DFF-432D-A911-5705E42AA5A9}.AppStore|iPhoneSimulator.ActiveCfg = Release|Any CPU
		{395BAA58-3DFF-432D-A911-5705E42AA5A9}.AppStore|iPhoneSimulator.Build.0 = Release|Any CPU
		{395BAA58-3DFF-432D-A911-5705E42AA5A9}.AppStore|iPhoneSimulator.Deploy.0 = Release|Any CPU
		{395BAA58-3DFF-432D-A911-5705E42AA5A9}.AppStore|x64.ActiveCfg = Release|Any CPU
		{395BAA58-3DFF-432D-A911-5705E42AA5A9}.AppStore|x64.Build.0 = Release|Any CPU
		{395BAA58-3DFF-432D-A911-5705E42AA5A9}.AppStore|x64.Deploy.0 = Release|Any CPU
		{395BAA58-3DFF-432D-A911-5705E42AA5A9}.AppStore|x86.ActiveCfg = Release|Any CPU
		{395BAA58-3DFF-432D-A911-5705E42AA5A9}.AppStore|x86.Build.0 = Release|Any CPU
		{395BAA58-3DFF-432D-A911-5705E42AA5A9}.AppStore|x86.Deploy.0 = Release|Any CPU
		{395BAA58-3DFF-432D-A911-5705E42AA5A9}.Debug|Any CPU.ActiveCfg = Debug|Any CPU
		{395BAA58-3DFF-432D-A911-5705E42AA5A9}.Debug|Any CPU.Build.0 = Debug|Any CPU
		{395BAA58-3DFF-432D-A911-5705E42AA5A9}.Debug|Any CPU.Deploy.0 = Debug|Any CPU
		{395BAA58-3DFF-432D-A911-5705E42AA5A9}.Debug|ARM.ActiveCfg = Debug|Any CPU
		{395BAA58-3DFF-432D-A911-5705E42AA5A9}.Debug|ARM.Build.0 = Debug|Any CPU
		{395BAA58-3DFF-432D-A911-5705E42AA5A9}.Debug|ARM.Deploy.0 = Debug|Any CPU
		{395BAA58-3DFF-432D-A911-5705E42AA5A9}.Debug|iPhone.ActiveCfg = Debug|Any CPU
		{395BAA58-3DFF-432D-A911-5705E42AA5A9}.Debug|iPhone.Build.0 = Debug|Any CPU
		{395BAA58-3DFF-432D-A911-5705E42AA5A9}.Debug|iPhone.Deploy.0 = Debug|Any CPU
		{395BAA58-3DFF-432D-A911-5705E42AA5A9}.Debug|iPhoneSimulator.ActiveCfg = Debug|Any CPU
		{395BAA58-3DFF-432D-A911-5705E42AA5A9}.Debug|iPhoneSimulator.Build.0 = Debug|Any CPU
		{395BAA58-3DFF-432D-A911-5705E42AA5A9}.Debug|iPhoneSimulator.Deploy.0 = Debug|Any CPU
		{395BAA58-3DFF-432D-A911-5705E42AA5A9}.Debug|x64.ActiveCfg = Debug|Any CPU
		{395BAA58-3DFF-432D-A911-5705E42AA5A9}.Debug|x64.Build.0 = Debug|Any CPU
		{395BAA58-3DFF-432D-A911-5705E42AA5A9}.Debug|x64.Deploy.0 = Debug|Any CPU
		{395BAA58-3DFF-432D-A911-5705E42AA5A9}.Debug|x86.ActiveCfg = Debug|Any CPU
		{395BAA58-3DFF-432D-A911-5705E42AA5A9}.Debug|x86.Build.0 = Debug|Any CPU
		{395BAA58-3DFF-432D-A911-5705E42AA5A9}.Debug|x86.Deploy.0 = Debug|Any CPU
		{395BAA58-3DFF-432D-A911-5705E42AA5A9}.Release|Any CPU.ActiveCfg = Release|Any CPU
		{395BAA58-3DFF-432D-A911-5705E42AA5A9}.Release|Any CPU.Build.0 = Release|Any CPU
		{395BAA58-3DFF-432D-A911-5705E42AA5A9}.Release|Any CPU.Deploy.0 = Release|Any CPU
		{395BAA58-3DFF-432D-A911-5705E42AA5A9}.Release|ARM.ActiveCfg = Release|Any CPU
		{395BAA58-3DFF-432D-A911-5705E42AA5A9}.Release|ARM.Build.0 = Release|Any CPU
		{395BAA58-3DFF-432D-A911-5705E42AA5A9}.Release|ARM.Deploy.0 = Release|Any CPU
		{395BAA58-3DFF-432D-A911-5705E42AA5A9}.Release|iPhone.ActiveCfg = Release|Any CPU
		{395BAA58-3DFF-432D-A911-5705E42AA5A9}.Release|iPhone.Build.0 = Release|Any CPU
		{395BAA58-3DFF-432D-A911-5705E42AA5A9}.Release|iPhone.Deploy.0 = Release|Any CPU
		{395BAA58-3DFF-432D-A911-5705E42AA5A9}.Release|iPhoneSimulator.ActiveCfg = Release|Any CPU
		{395BAA58-3DFF-432D-A911-5705E42AA5A9}.Release|iPhoneSimulator.Build.0 = Release|Any CPU
		{395BAA58-3DFF-432D-A911-5705E42AA5A9}.Release|iPhoneSimulator.Deploy.0 = Release|Any CPU
		{395BAA58-3DFF-432D-A911-5705E42AA5A9}.Release|x64.ActiveCfg = Release|Any CPU
		{395BAA58-3DFF-432D-A911-5705E42AA5A9}.Release|x64.Build.0 = Release|Any CPU
		{395BAA58-3DFF-432D-A911-5705E42AA5A9}.Release|x64.Deploy.0 = Release|Any CPU
		{395BAA58-3DFF-432D-A911-5705E42AA5A9}.Release|x86.ActiveCfg = Release|Any CPU
		{395BAA58-3DFF-432D-A911-5705E42AA5A9}.Release|x86.Build.0 = Release|Any CPU
		{395BAA58-3DFF-432D-A911-5705E42AA5A9}.Release|x86.Deploy.0 = Release|Any CPU
		{D1713473-D1E1-4288-9F78-DD49A9D52D03}.Ad-Hoc|Any CPU.ActiveCfg = Ad-Hoc|iPhone
		{D1713473-D1E1-4288-9F78-DD49A9D52D03}.Ad-Hoc|Any CPU.Build.0 = Ad-Hoc|iPhone
		{D1713473-D1E1-4288-9F78-DD49A9D52D03}.Ad-Hoc|Any CPU.Deploy.0 = Ad-Hoc|iPhone
		{D1713473-D1E1-4288-9F78-DD49A9D52D03}.Ad-Hoc|ARM.ActiveCfg = Ad-Hoc|iPhone
		{D1713473-D1E1-4288-9F78-DD49A9D52D03}.Ad-Hoc|ARM.Build.0 = Ad-Hoc|iPhone
		{D1713473-D1E1-4288-9F78-DD49A9D52D03}.Ad-Hoc|ARM.Deploy.0 = Ad-Hoc|iPhone
		{D1713473-D1E1-4288-9F78-DD49A9D52D03}.Ad-Hoc|iPhone.ActiveCfg = Ad-Hoc|iPhone
		{D1713473-D1E1-4288-9F78-DD49A9D52D03}.Ad-Hoc|iPhone.Build.0 = Ad-Hoc|iPhone
		{D1713473-D1E1-4288-9F78-DD49A9D52D03}.Ad-Hoc|iPhone.Deploy.0 = Ad-Hoc|iPhone
		{D1713473-D1E1-4288-9F78-DD49A9D52D03}.Ad-Hoc|iPhoneSimulator.ActiveCfg = Ad-Hoc|iPhoneSimulator
		{D1713473-D1E1-4288-9F78-DD49A9D52D03}.Ad-Hoc|iPhoneSimulator.Build.0 = Ad-Hoc|iPhoneSimulator
		{D1713473-D1E1-4288-9F78-DD49A9D52D03}.Ad-Hoc|iPhoneSimulator.Deploy.0 = Ad-Hoc|iPhoneSimulator
		{D1713473-D1E1-4288-9F78-DD49A9D52D03}.Ad-Hoc|x64.ActiveCfg = Ad-Hoc|iPhone
		{D1713473-D1E1-4288-9F78-DD49A9D52D03}.Ad-Hoc|x64.Build.0 = Ad-Hoc|iPhone
		{D1713473-D1E1-4288-9F78-DD49A9D52D03}.Ad-Hoc|x64.Deploy.0 = Ad-Hoc|iPhone
		{D1713473-D1E1-4288-9F78-DD49A9D52D03}.Ad-Hoc|x86.ActiveCfg = Ad-Hoc|iPhone
		{D1713473-D1E1-4288-9F78-DD49A9D52D03}.Ad-Hoc|x86.Build.0 = Ad-Hoc|iPhone
		{D1713473-D1E1-4288-9F78-DD49A9D52D03}.Ad-Hoc|x86.Deploy.0 = Ad-Hoc|iPhone
		{D1713473-D1E1-4288-9F78-DD49A9D52D03}.AppStore|Any CPU.ActiveCfg = AppStore|iPhone
		{D1713473-D1E1-4288-9F78-DD49A9D52D03}.AppStore|Any CPU.Build.0 = AppStore|iPhone
		{D1713473-D1E1-4288-9F78-DD49A9D52D03}.AppStore|Any CPU.Deploy.0 = AppStore|iPhone
		{D1713473-D1E1-4288-9F78-DD49A9D52D03}.AppStore|ARM.ActiveCfg = AppStore|iPhone
		{D1713473-D1E1-4288-9F78-DD49A9D52D03}.AppStore|ARM.Build.0 = AppStore|iPhone
		{D1713473-D1E1-4288-9F78-DD49A9D52D03}.AppStore|ARM.Deploy.0 = AppStore|iPhone
		{D1713473-D1E1-4288-9F78-DD49A9D52D03}.AppStore|iPhone.ActiveCfg = AppStore|iPhone
		{D1713473-D1E1-4288-9F78-DD49A9D52D03}.AppStore|iPhone.Build.0 = AppStore|iPhone
		{D1713473-D1E1-4288-9F78-DD49A9D52D03}.AppStore|iPhone.Deploy.0 = AppStore|iPhone
		{D1713473-D1E1-4288-9F78-DD49A9D52D03}.AppStore|iPhoneSimulator.ActiveCfg = AppStore|iPhoneSimulator
		{D1713473-D1E1-4288-9F78-DD49A9D52D03}.AppStore|iPhoneSimulator.Build.0 = AppStore|iPhoneSimulator
		{D1713473-D1E1-4288-9F78-DD49A9D52D03}.AppStore|iPhoneSimulator.Deploy.0 = AppStore|iPhoneSimulator
		{D1713473-D1E1-4288-9F78-DD49A9D52D03}.AppStore|x64.ActiveCfg = AppStore|iPhone
		{D1713473-D1E1-4288-9F78-DD49A9D52D03}.AppStore|x64.Build.0 = AppStore|iPhone
		{D1713473-D1E1-4288-9F78-DD49A9D52D03}.AppStore|x64.Deploy.0 = AppStore|iPhone
		{D1713473-D1E1-4288-9F78-DD49A9D52D03}.AppStore|x86.ActiveCfg = AppStore|iPhone
		{D1713473-D1E1-4288-9F78-DD49A9D52D03}.AppStore|x86.Build.0 = AppStore|iPhone
		{D1713473-D1E1-4288-9F78-DD49A9D52D03}.AppStore|x86.Deploy.0 = AppStore|iPhone
		{D1713473-D1E1-4288-9F78-DD49A9D52D03}.Debug|Any CPU.ActiveCfg = Debug|iPhoneSimulator
		{D1713473-D1E1-4288-9F78-DD49A9D52D03}.Debug|Any CPU.Build.0 = Debug|iPhoneSimulator
		{D1713473-D1E1-4288-9F78-DD49A9D52D03}.Debug|Any CPU.Deploy.0 = Debug|iPhoneSimulator
		{D1713473-D1E1-4288-9F78-DD49A9D52D03}.Debug|ARM.ActiveCfg = Debug|iPhone
		{D1713473-D1E1-4288-9F78-DD49A9D52D03}.Debug|ARM.Build.0 = Debug|iPhone
		{D1713473-D1E1-4288-9F78-DD49A9D52D03}.Debug|ARM.Deploy.0 = Debug|iPhone
		{D1713473-D1E1-4288-9F78-DD49A9D52D03}.Debug|iPhone.ActiveCfg = Debug|iPhone
		{D1713473-D1E1-4288-9F78-DD49A9D52D03}.Debug|iPhone.Build.0 = Debug|iPhone
		{D1713473-D1E1-4288-9F78-DD49A9D52D03}.Debug|iPhone.Deploy.0 = Debug|iPhone
		{D1713473-D1E1-4288-9F78-DD49A9D52D03}.Debug|iPhoneSimulator.ActiveCfg = Debug|iPhoneSimulator
		{D1713473-D1E1-4288-9F78-DD49A9D52D03}.Debug|iPhoneSimulator.Build.0 = Debug|iPhoneSimulator
		{D1713473-D1E1-4288-9F78-DD49A9D52D03}.Debug|iPhoneSimulator.Deploy.0 = Debug|iPhoneSimulator
		{D1713473-D1E1-4288-9F78-DD49A9D52D03}.Debug|x64.ActiveCfg = Debug|iPhone
		{D1713473-D1E1-4288-9F78-DD49A9D52D03}.Debug|x64.Build.0 = Debug|iPhone
		{D1713473-D1E1-4288-9F78-DD49A9D52D03}.Debug|x64.Deploy.0 = Debug|iPhone
		{D1713473-D1E1-4288-9F78-DD49A9D52D03}.Debug|x86.ActiveCfg = Debug|iPhone
		{D1713473-D1E1-4288-9F78-DD49A9D52D03}.Debug|x86.Build.0 = Debug|iPhone
		{D1713473-D1E1-4288-9F78-DD49A9D52D03}.Debug|x86.Deploy.0 = Debug|iPhone
		{D1713473-D1E1-4288-9F78-DD49A9D52D03}.Release|Any CPU.ActiveCfg = Release|iPhone
		{D1713473-D1E1-4288-9F78-DD49A9D52D03}.Release|Any CPU.Build.0 = Release|iPhone
		{D1713473-D1E1-4288-9F78-DD49A9D52D03}.Release|Any CPU.Deploy.0 = Release|iPhone
		{D1713473-D1E1-4288-9F78-DD49A9D52D03}.Release|ARM.ActiveCfg = Release|iPhone
		{D1713473-D1E1-4288-9F78-DD49A9D52D03}.Release|ARM.Build.0 = Release|iPhone
		{D1713473-D1E1-4288-9F78-DD49A9D52D03}.Release|ARM.Deploy.0 = Release|iPhone
		{D1713473-D1E1-4288-9F78-DD49A9D52D03}.Release|iPhone.ActiveCfg = Release|iPhone
		{D1713473-D1E1-4288-9F78-DD49A9D52D03}.Release|iPhone.Build.0 = Release|iPhone
		{D1713473-D1E1-4288-9F78-DD49A9D52D03}.Release|iPhone.Deploy.0 = Release|iPhone
		{D1713473-D1E1-4288-9F78-DD49A9D52D03}.Release|iPhoneSimulator.ActiveCfg = Release|iPhoneSimulator
		{D1713473-D1E1-4288-9F78-DD49A9D52D03}.Release|iPhoneSimulator.Build.0 = Release|iPhoneSimulator
		{D1713473-D1E1-4288-9F78-DD49A9D52D03}.Release|iPhoneSimulator.Deploy.0 = Release|iPhoneSimulator
		{D1713473-D1E1-4288-9F78-DD49A9D52D03}.Release|x64.ActiveCfg = Release|iPhone
		{D1713473-D1E1-4288-9F78-DD49A9D52D03}.Release|x64.Build.0 = Release|iPhone
		{D1713473-D1E1-4288-9F78-DD49A9D52D03}.Release|x64.Deploy.0 = Release|iPhone
		{D1713473-D1E1-4288-9F78-DD49A9D52D03}.Release|x86.ActiveCfg = Release|iPhone
		{D1713473-D1E1-4288-9F78-DD49A9D52D03}.Release|x86.Build.0 = Release|iPhone
		{D1713473-D1E1-4288-9F78-DD49A9D52D03}.Release|x86.Deploy.0 = Release|iPhone
		{1E47DC18-DEA2-4E53-8D0B-7E61E5CF3257}.Ad-Hoc|Any CPU.ActiveCfg = Release|x86
		{1E47DC18-DEA2-4E53-8D0B-7E61E5CF3257}.Ad-Hoc|Any CPU.Build.0 = Release|x86
		{1E47DC18-DEA2-4E53-8D0B-7E61E5CF3257}.Ad-Hoc|Any CPU.Deploy.0 = Release|x86
		{1E47DC18-DEA2-4E53-8D0B-7E61E5CF3257}.Ad-Hoc|ARM.ActiveCfg = Release|ARM
		{1E47DC18-DEA2-4E53-8D0B-7E61E5CF3257}.Ad-Hoc|ARM.Build.0 = Release|ARM
		{1E47DC18-DEA2-4E53-8D0B-7E61E5CF3257}.Ad-Hoc|ARM.Deploy.0 = Release|ARM
		{1E47DC18-DEA2-4E53-8D0B-7E61E5CF3257}.Ad-Hoc|iPhone.ActiveCfg = Release|x86
		{1E47DC18-DEA2-4E53-8D0B-7E61E5CF3257}.Ad-Hoc|iPhone.Build.0 = Release|x86
		{1E47DC18-DEA2-4E53-8D0B-7E61E5CF3257}.Ad-Hoc|iPhone.Deploy.0 = Release|x86
		{1E47DC18-DEA2-4E53-8D0B-7E61E5CF3257}.Ad-Hoc|iPhoneSimulator.ActiveCfg = Release|x86
		{1E47DC18-DEA2-4E53-8D0B-7E61E5CF3257}.Ad-Hoc|iPhoneSimulator.Build.0 = Release|x86
		{1E47DC18-DEA2-4E53-8D0B-7E61E5CF3257}.Ad-Hoc|iPhoneSimulator.Deploy.0 = Release|x86
		{1E47DC18-DEA2-4E53-8D0B-7E61E5CF3257}.Ad-Hoc|x64.ActiveCfg = Release|x64
		{1E47DC18-DEA2-4E53-8D0B-7E61E5CF3257}.Ad-Hoc|x64.Build.0 = Release|x64
		{1E47DC18-DEA2-4E53-8D0B-7E61E5CF3257}.Ad-Hoc|x64.Deploy.0 = Release|x64
		{1E47DC18-DEA2-4E53-8D0B-7E61E5CF3257}.Ad-Hoc|x86.ActiveCfg = Release|x86
		{1E47DC18-DEA2-4E53-8D0B-7E61E5CF3257}.Ad-Hoc|x86.Build.0 = Release|x86
		{1E47DC18-DEA2-4E53-8D0B-7E61E5CF3257}.Ad-Hoc|x86.Deploy.0 = Release|x86
		{1E47DC18-DEA2-4E53-8D0B-7E61E5CF3257}.AppStore|Any CPU.ActiveCfg = Release|x86
		{1E47DC18-DEA2-4E53-8D0B-7E61E5CF3257}.AppStore|Any CPU.Build.0 = Release|x86
		{1E47DC18-DEA2-4E53-8D0B-7E61E5CF3257}.AppStore|Any CPU.Deploy.0 = Release|x86
		{1E47DC18-DEA2-4E53-8D0B-7E61E5CF3257}.AppStore|ARM.ActiveCfg = Release|ARM
		{1E47DC18-DEA2-4E53-8D0B-7E61E5CF3257}.AppStore|ARM.Build.0 = Release|ARM
		{1E47DC18-DEA2-4E53-8D0B-7E61E5CF3257}.AppStore|ARM.Deploy.0 = Release|ARM
		{1E47DC18-DEA2-4E53-8D0B-7E61E5CF3257}.AppStore|iPhone.ActiveCfg = Release|x86
		{1E47DC18-DEA2-4E53-8D0B-7E61E5CF3257}.AppStore|iPhone.Build.0 = Release|x86
		{1E47DC18-DEA2-4E53-8D0B-7E61E5CF3257}.AppStore|iPhone.Deploy.0 = Release|x86
		{1E47DC18-DEA2-4E53-8D0B-7E61E5CF3257}.AppStore|iPhoneSimulator.ActiveCfg = Release|x86
		{1E47DC18-DEA2-4E53-8D0B-7E61E5CF3257}.AppStore|iPhoneSimulator.Build.0 = Release|x86
		{1E47DC18-DEA2-4E53-8D0B-7E61E5CF3257}.AppStore|iPhoneSimulator.Deploy.0 = Release|x86
		{1E47DC18-DEA2-4E53-8D0B-7E61E5CF3257}.AppStore|x64.ActiveCfg = Release|x64
		{1E47DC18-DEA2-4E53-8D0B-7E61E5CF3257}.AppStore|x64.Build.0 = Release|x64
		{1E47DC18-DEA2-4E53-8D0B-7E61E5CF3257}.AppStore|x64.Deploy.0 = Release|x64
		{1E47DC18-DEA2-4E53-8D0B-7E61E5CF3257}.AppStore|x86.ActiveCfg = Release|x86
		{1E47DC18-DEA2-4E53-8D0B-7E61E5CF3257}.AppStore|x86.Build.0 = Release|x86
		{1E47DC18-DEA2-4E53-8D0B-7E61E5CF3257}.AppStore|x86.Deploy.0 = Release|x86
		{1E47DC18-DEA2-4E53-8D0B-7E61E5CF3257}.Debug|Any CPU.ActiveCfg = Debug|x86
		{1E47DC18-DEA2-4E53-8D0B-7E61E5CF3257}.Debug|Any CPU.Build.0 = Debug|x86
		{1E47DC18-DEA2-4E53-8D0B-7E61E5CF3257}.Debug|Any CPU.Deploy.0 = Debug|x86
		{1E47DC18-DEA2-4E53-8D0B-7E61E5CF3257}.Debug|ARM.ActiveCfg = Debug|ARM
		{1E47DC18-DEA2-4E53-8D0B-7E61E5CF3257}.Debug|ARM.Build.0 = Debug|ARM
		{1E47DC18-DEA2-4E53-8D0B-7E61E5CF3257}.Debug|ARM.Deploy.0 = Debug|ARM
		{1E47DC18-DEA2-4E53-8D0B-7E61E5CF3257}.Debug|iPhone.ActiveCfg = Debug|x86
		{1E47DC18-DEA2-4E53-8D0B-7E61E5CF3257}.Debug|iPhone.Build.0 = Debug|x86
		{1E47DC18-DEA2-4E53-8D0B-7E61E5CF3257}.Debug|iPhone.Deploy.0 = Debug|x86
		{1E47DC18-DEA2-4E53-8D0B-7E61E5CF3257}.Debug|iPhoneSimulator.ActiveCfg = Debug|x86
		{1E47DC18-DEA2-4E53-8D0B-7E61E5CF3257}.Debug|iPhoneSimulator.Build.0 = Debug|x86
		{1E47DC18-DEA2-4E53-8D0B-7E61E5CF3257}.Debug|iPhoneSimulator.Deploy.0 = Debug|x86
		{1E47DC18-DEA2-4E53-8D0B-7E61E5CF3257}.Debug|x64.ActiveCfg = Debug|x64
		{1E47DC18-DEA2-4E53-8D0B-7E61E5CF3257}.Debug|x64.Build.0 = Debug|x64
		{1E47DC18-DEA2-4E53-8D0B-7E61E5CF3257}.Debug|x64.Deploy.0 = Debug|x64
		{1E47DC18-DEA2-4E53-8D0B-7E61E5CF3257}.Debug|x86.ActiveCfg = Debug|x86
		{1E47DC18-DEA2-4E53-8D0B-7E61E5CF3257}.Debug|x86.Build.0 = Debug|x86
		{1E47DC18-DEA2-4E53-8D0B-7E61E5CF3257}.Debug|x86.Deploy.0 = Debug|x86
		{1E47DC18-DEA2-4E53-8D0B-7E61E5CF3257}.Release|Any CPU.ActiveCfg = Release|x86
		{1E47DC18-DEA2-4E53-8D0B-7E61E5CF3257}.Release|Any CPU.Build.0 = Release|x86
		{1E47DC18-DEA2-4E53-8D0B-7E61E5CF3257}.Release|Any CPU.Deploy.0 = Release|x86
		{1E47DC18-DEA2-4E53-8D0B-7E61E5CF3257}.Release|ARM.ActiveCfg = Release|ARM
		{1E47DC18-DEA2-4E53-8D0B-7E61E5CF3257}.Release|ARM.Build.0 = Release|ARM
		{1E47DC18-DEA2-4E53-8D0B-7E61E5CF3257}.Release|ARM.Deploy.0 = Release|ARM
		{1E47DC18-DEA2-4E53-8D0B-7E61E5CF3257}.Release|iPhone.ActiveCfg = Release|x86
		{1E47DC18-DEA2-4E53-8D0B-7E61E5CF3257}.Release|iPhone.Build.0 = Release|x86
		{1E47DC18-DEA2-4E53-8D0B-7E61E5CF3257}.Release|iPhone.Deploy.0 = Release|x86
		{1E47DC18-DEA2-4E53-8D0B-7E61E5CF3257}.Release|iPhoneSimulator.ActiveCfg = Release|x86
		{1E47DC18-DEA2-4E53-8D0B-7E61E5CF3257}.Release|iPhoneSimulator.Build.0 = Release|x86
		{1E47DC18-DEA2-4E53-8D0B-7E61E5CF3257}.Release|iPhoneSimulator.Deploy.0 = Release|x86
		{1E47DC18-DEA2-4E53-8D0B-7E61E5CF3257}.Release|x64.ActiveCfg = Release|x64
		{1E47DC18-DEA2-4E53-8D0B-7E61E5CF3257}.Release|x64.Build.0 = Release|x64
		{1E47DC18-DEA2-4E53-8D0B-7E61E5CF3257}.Release|x64.Deploy.0 = Release|x64
		{1E47DC18-DEA2-4E53-8D0B-7E61E5CF3257}.Release|x86.ActiveCfg = Release|x86
		{1E47DC18-DEA2-4E53-8D0B-7E61E5CF3257}.Release|x86.Build.0 = Release|x86
		{1E47DC18-DEA2-4E53-8D0B-7E61E5CF3257}.Release|x86.Deploy.0 = Release|x86
		{36ECBA81-1512-456D-9DE2-0BD8DD36B74B}.Ad-Hoc|Any CPU.ActiveCfg = Debug|Any CPU
		{36ECBA81-1512-456D-9DE2-0BD8DD36B74B}.Ad-Hoc|Any CPU.Build.0 = Debug|Any CPU
		{36ECBA81-1512-456D-9DE2-0BD8DD36B74B}.Ad-Hoc|Any CPU.Deploy.0 = Debug|Any CPU
		{36ECBA81-1512-456D-9DE2-0BD8DD36B74B}.Ad-Hoc|ARM.ActiveCfg = Debug|Any CPU
		{36ECBA81-1512-456D-9DE2-0BD8DD36B74B}.Ad-Hoc|ARM.Build.0 = Debug|Any CPU
		{36ECBA81-1512-456D-9DE2-0BD8DD36B74B}.Ad-Hoc|ARM.Deploy.0 = Debug|Any CPU
		{36ECBA81-1512-456D-9DE2-0BD8DD36B74B}.Ad-Hoc|iPhone.ActiveCfg = Debug|Any CPU
		{36ECBA81-1512-456D-9DE2-0BD8DD36B74B}.Ad-Hoc|iPhone.Build.0 = Debug|Any CPU
		{36ECBA81-1512-456D-9DE2-0BD8DD36B74B}.Ad-Hoc|iPhone.Deploy.0 = Debug|Any CPU
		{36ECBA81-1512-456D-9DE2-0BD8DD36B74B}.Ad-Hoc|iPhoneSimulator.ActiveCfg = Debug|Any CPU
		{36ECBA81-1512-456D-9DE2-0BD8DD36B74B}.Ad-Hoc|iPhoneSimulator.Build.0 = Debug|Any CPU
		{36ECBA81-1512-456D-9DE2-0BD8DD36B74B}.Ad-Hoc|iPhoneSimulator.Deploy.0 = Debug|Any CPU
		{36ECBA81-1512-456D-9DE2-0BD8DD36B74B}.Ad-Hoc|x64.ActiveCfg = Debug|Any CPU
		{36ECBA81-1512-456D-9DE2-0BD8DD36B74B}.Ad-Hoc|x64.Build.0 = Debug|Any CPU
		{36ECBA81-1512-456D-9DE2-0BD8DD36B74B}.Ad-Hoc|x64.Deploy.0 = Debug|Any CPU
		{36ECBA81-1512-456D-9DE2-0BD8DD36B74B}.Ad-Hoc|x86.ActiveCfg = Debug|Any CPU
		{36ECBA81-1512-456D-9DE2-0BD8DD36B74B}.Ad-Hoc|x86.Build.0 = Debug|Any CPU
		{36ECBA81-1512-456D-9DE2-0BD8DD36B74B}.Ad-Hoc|x86.Deploy.0 = Debug|Any CPU
		{36ECBA81-1512-456D-9DE2-0BD8DD36B74B}.AppStore|Any CPU.ActiveCfg = Debug|Any CPU
		{36ECBA81-1512-456D-9DE2-0BD8DD36B74B}.AppStore|Any CPU.Build.0 = Debug|Any CPU
		{36ECBA81-1512-456D-9DE2-0BD8DD36B74B}.AppStore|Any CPU.Deploy.0 = Debug|Any CPU
		{36ECBA81-1512-456D-9DE2-0BD8DD36B74B}.AppStore|ARM.ActiveCfg = Debug|Any CPU
		{36ECBA81-1512-456D-9DE2-0BD8DD36B74B}.AppStore|ARM.Build.0 = Debug|Any CPU
		{36ECBA81-1512-456D-9DE2-0BD8DD36B74B}.AppStore|ARM.Deploy.0 = Debug|Any CPU
		{36ECBA81-1512-456D-9DE2-0BD8DD36B74B}.AppStore|iPhone.ActiveCfg = Debug|Any CPU
		{36ECBA81-1512-456D-9DE2-0BD8DD36B74B}.AppStore|iPhone.Build.0 = Debug|Any CPU
		{36ECBA81-1512-456D-9DE2-0BD8DD36B74B}.AppStore|iPhone.Deploy.0 = Debug|Any CPU
		{36ECBA81-1512-456D-9DE2-0BD8DD36B74B}.AppStore|iPhoneSimulator.ActiveCfg = Debug|Any CPU
		{36ECBA81-1512-456D-9DE2-0BD8DD36B74B}.AppStore|iPhoneSimulator.Build.0 = Debug|Any CPU
		{36ECBA81-1512-456D-9DE2-0BD8DD36B74B}.AppStore|iPhoneSimulator.Deploy.0 = Debug|Any CPU
		{36ECBA81-1512-456D-9DE2-0BD8DD36B74B}.AppStore|x64.ActiveCfg = Debug|Any CPU
		{36ECBA81-1512-456D-9DE2-0BD8DD36B74B}.AppStore|x64.Build.0 = Debug|Any CPU
		{36ECBA81-1512-456D-9DE2-0BD8DD36B74B}.AppStore|x64.Deploy.0 = Debug|Any CPU
		{36ECBA81-1512-456D-9DE2-0BD8DD36B74B}.AppStore|x86.ActiveCfg = Debug|Any CPU
		{36ECBA81-1512-456D-9DE2-0BD8DD36B74B}.AppStore|x86.Build.0 = Debug|Any CPU
		{36ECBA81-1512-456D-9DE2-0BD8DD36B74B}.AppStore|x86.Deploy.0 = Debug|Any CPU
		{36ECBA81-1512-456D-9DE2-0BD8DD36B74B}.Debug|Any CPU.ActiveCfg = Debug|Any CPU
		{36ECBA81-1512-456D-9DE2-0BD8DD36B74B}.Debug|Any CPU.Build.0 = Debug|Any CPU
		{36ECBA81-1512-456D-9DE2-0BD8DD36B74B}.Debug|Any CPU.Deploy.0 = Debug|Any CPU
		{36ECBA81-1512-456D-9DE2-0BD8DD36B74B}.Debug|ARM.ActiveCfg = Debug|Any CPU
		{36ECBA81-1512-456D-9DE2-0BD8DD36B74B}.Debug|ARM.Build.0 = Debug|Any CPU
		{36ECBA81-1512-456D-9DE2-0BD8DD36B74B}.Debug|ARM.Deploy.0 = Debug|Any CPU
		{36ECBA81-1512-456D-9DE2-0BD8DD36B74B}.Debug|iPhone.ActiveCfg = Debug|Any CPU
		{36ECBA81-1512-456D-9DE2-0BD8DD36B74B}.Debug|iPhone.Build.0 = Debug|Any CPU
		{36ECBA81-1512-456D-9DE2-0BD8DD36B74B}.Debug|iPhone.Deploy.0 = Debug|Any CPU
		{36ECBA81-1512-456D-9DE2-0BD8DD36B74B}.Debug|iPhoneSimulator.ActiveCfg = Debug|Any CPU
		{36ECBA81-1512-456D-9DE2-0BD8DD36B74B}.Debug|iPhoneSimulator.Build.0 = Debug|Any CPU
		{36ECBA81-1512-456D-9DE2-0BD8DD36B74B}.Debug|iPhoneSimulator.Deploy.0 = Debug|Any CPU
		{36ECBA81-1512-456D-9DE2-0BD8DD36B74B}.Debug|x64.ActiveCfg = Debug|Any CPU
		{36ECBA81-1512-456D-9DE2-0BD8DD36B74B}.Debug|x64.Build.0 = Debug|Any CPU
		{36ECBA81-1512-456D-9DE2-0BD8DD36B74B}.Debug|x64.Deploy.0 = Debug|Any CPU
		{36ECBA81-1512-456D-9DE2-0BD8DD36B74B}.Debug|x86.ActiveCfg = Debug|Any CPU
		{36ECBA81-1512-456D-9DE2-0BD8DD36B74B}.Debug|x86.Build.0 = Debug|Any CPU
		{36ECBA81-1512-456D-9DE2-0BD8DD36B74B}.Debug|x86.Deploy.0 = Debug|Any CPU
		{36ECBA81-1512-456D-9DE2-0BD8DD36B74B}.Release|Any CPU.ActiveCfg = Release|Any CPU
		{36ECBA81-1512-456D-9DE2-0BD8DD36B74B}.Release|Any CPU.Build.0 = Release|Any CPU
		{36ECBA81-1512-456D-9DE2-0BD8DD36B74B}.Release|Any CPU.Deploy.0 = Release|Any CPU
		{36ECBA81-1512-456D-9DE2-0BD8DD36B74B}.Release|ARM.ActiveCfg = Release|Any CPU
		{36ECBA81-1512-456D-9DE2-0BD8DD36B74B}.Release|ARM.Build.0 = Release|Any CPU
		{36ECBA81-1512-456D-9DE2-0BD8DD36B74B}.Release|ARM.Deploy.0 = Release|Any CPU
		{36ECBA81-1512-456D-9DE2-0BD8DD36B74B}.Release|iPhone.ActiveCfg = Release|Any CPU
		{36ECBA81-1512-456D-9DE2-0BD8DD36B74B}.Release|iPhone.Build.0 = Release|Any CPU
		{36ECBA81-1512-456D-9DE2-0BD8DD36B74B}.Release|iPhone.Deploy.0 = Release|Any CPU
		{36ECBA81-1512-456D-9DE2-0BD8DD36B74B}.Release|iPhoneSimulator.ActiveCfg = Release|Any CPU
		{36ECBA81-1512-456D-9DE2-0BD8DD36B74B}.Release|iPhoneSimulator.Build.0 = Release|Any CPU
		{36ECBA81-1512-456D-9DE2-0BD8DD36B74B}.Release|iPhoneSimulator.Deploy.0 = Release|Any CPU
		{36ECBA81-1512-456D-9DE2-0BD8DD36B74B}.Release|x64.ActiveCfg = Release|Any CPU
		{36ECBA81-1512-456D-9DE2-0BD8DD36B74B}.Release|x64.Build.0 = Release|Any CPU
		{36ECBA81-1512-456D-9DE2-0BD8DD36B74B}.Release|x64.Deploy.0 = Release|Any CPU
		{36ECBA81-1512-456D-9DE2-0BD8DD36B74B}.Release|x86.ActiveCfg = Release|Any CPU
		{36ECBA81-1512-456D-9DE2-0BD8DD36B74B}.Release|x86.Build.0 = Release|Any CPU
		{36ECBA81-1512-456D-9DE2-0BD8DD36B74B}.Release|x86.Deploy.0 = Release|Any CPU
	EndGlobalSection
	GlobalSection(SolutionProperties) = preSolution
		HideSolutionNode = FALSE
	EndGlobalSection
	GlobalSection(NestedProjects) = preSolution
		{395BAA58-3DFF-432D-A911-5705E42AA5A9} = {03E4959F-1164-479F-9A01-019258C0C40E}
		{D1713473-D1E1-4288-9F78-DD49A9D52D03} = {03E4959F-1164-479F-9A01-019258C0C40E}
		{1E47DC18-DEA2-4E53-8D0B-7E61E5CF3257} = {03E4959F-1164-479F-9A01-019258C0C40E}
	EndGlobalSection
	GlobalSection(ExtensibilityGlobals) = postSolution
		SolutionGuid = {57CAB458-285C-41E8-9640-054F7DA56DEA}
	EndGlobalSection
EndGlobal
